
Microsoft Visual Studio Solution File, Format Version 12.00
# Visual Studio Version 17
VisualStudioVersion = 17.0.31903.59
MinimumVisualStudioVersion = 10.0.40219.1
Project("{2150E333-8FDC-42A3-9474-1A3956D46DE8}") = "Services", "Services", "{7E4F0534-F858-4473-ACFF-825E18600196}"
EndProject
Project("{2150E333-8FDC-42A3-9474-1A3956D46DE8}") = "Authentication", "Authentication", "{FDB1DD59-37EC-4211-AD03-7EEE24CCA38B}"
EndProject
Project("{9A19103F-16F7-4668-BE54-9A1E7A4F7556}") = "Authentication.API", "src\Services\Authentication\Authentication.API\Authentication.API.csproj", "{45B24C30-7083-48D0-A098-1BF413B3F73D}"
EndProject
Project("{E53339B2-1760-4266-BCC7-CA923CBCF16C}") = "docker-compose", "docker-compose.dcproj", "{5B634290-8A29-41C7-B905-76E7399BC66B}"
EndProject
Project("{2150E333-8FDC-42A3-9474-1A3956D46DE8}") = "BuildingBlocks", "BuildingBlocks", "{BC0CF33B-857E-4C98-9B07-502108C2DF2A}"
EndProject
Project("{9A19103F-16F7-4668-BE54-9A1E7A4F7556}") = "BuildingBlocks", "src\BuildingBlocks\BuildingBlocks\BuildingBlocks.csproj", "{27694B8C-13E7-4D10-96A5-CE916F055852}"
EndProject
Project("{9A19103F-16F7-4668-BE54-9A1E7A4F7556}") = "Authenitication.Infrastructure", "src\Services\Authentication\Authenitication.Infrastructure\Authenitication.Infrastructure.csproj", "{6D039EC9-FB41-4A13-83ED-AF394A846422}"
EndProject
Project("{9A19103F-16F7-4668-BE54-9A1E7A4F7556}") = "Authentication.Domain", "src\Services\Authentication\Authentication.Domain\Authentication.Domain.csproj", "{8EECBD70-46D8-4A3F-A06D-0EFF734FBB1D}"
EndProject
Project("{9A19103F-16F7-4668-BE54-9A1E7A4F7556}") = "Authentication.Application", "src\Services\Authentication\Authentication.Application\Authentication.Application.csproj", "{9E36697E-5C17-4545-A219-A5352446390F}"
EndProject
Project("{2150E333-8FDC-42A3-9474-1A3956D46DE8}") = "Driver", "Driver", "{5D66B894-90AF-4281-A2C8-709AE0B642D9}"
EndProject
Project("{9A19103F-16F7-4668-BE54-9A1E7A4F7556}") = "Driver.API", "src\Services\Driver\Driver.API\Driver.API.csproj", "{FCF550E2-2310-44BF-BBAE-E554AD1C7927}"
EndProject
Project("{9A19103F-16F7-4668-BE54-9A1E7A4F7556}") = "Driver.Infrastructure", "src\Services\Driver\Driver.Infrastructure\Driver.Infrastructure.csproj", "{BF0DB338-70C9-4A52-8434-938C1AA36176}"
EndProject
Project("{9A19103F-16F7-4668-BE54-9A1E7A4F7556}") = "Driver.Domain", "src\Services\Driver\Driver.Domain\Driver.Domain.csproj", "{7E11569D-F449-4B1B-91A9-7C27233AE69D}"
EndProject
Project("{9A19103F-16F7-4668-BE54-9A1E7A4F7556}") = "Driver.Application", "src\Services\Driver\Driver.Application\Driver.Application.csproj", "{385E6559-7F28-47B1-833C-7BD9508593BB}"
EndProject
Project("{9A19103F-16F7-4668-BE54-9A1E7A4F7556}") = "BuildingBlocks.Messaging", "src\BuildingBlocks\BuildingBlocks.Messaging\BuildingBlocks.Messaging.csproj", "{E2A3DC4E-16CB-4728-A52C-8D61543EF8FB}"
EndProject
Project("{2150E333-8FDC-42A3-9474-1A3956D46DE8}") = "Redis", "Redis", "{BC8D4D42-BBBB-436F-A537-5724FB3A6C3D}"
EndProject
Project("{9A19103F-16F7-4668-BE54-9A1E7A4F7556}") = "Redis.Infrastructure", "src\Services\Redis\Redis.Infrastructure\Redis.Infrastructure.csproj", "{593A819F-FCB4-4DE2-B5A4-00D0C737CBD5}"
EndProject
Project("{9A19103F-16F7-4668-BE54-9A1E7A4F7556}") = "Redis.Application", "src\Services\Redis\Redis.Application\Redis.Application.csproj", "{74B5C29A-A165-4ECD-8191-4FEB982619BF}"
EndProject
Project("{9A19103F-16F7-4668-BE54-9A1E7A4F7556}") = "Redis.API", "src\Services\Redis\Redis.API\Redis.API.csproj", "{D9DC8F6E-E86C-4373-A1FD-C9742E850B7F}"
EndProject
Project("{2150E333-8FDC-42A3-9474-1A3956D46DE8}") = "Rider", "Rider", "{EB2927A5-818F-4D2C-B3F1-5877CC1C6DA6}"
EndProject
Project("{9A19103F-16F7-4668-BE54-9A1E7A4F7556}") = "Rider.API", "src\Services\Rider\Rider.API\Rider.API.csproj", "{41FB565E-EF21-4F56-9140-3428199F7845}"
EndProject
Project("{9A19103F-16F7-4668-BE54-9A1E7A4F7556}") = "Rider.Application", "src\Services\Rider\Rider.Application\Rider.Application.csproj", "{64BCC096-B284-4D91-A0ED-142B3F1651A5}"
EndProject
Project("{9A19103F-16F7-4668-BE54-9A1E7A4F7556}") = "Rider.Domain", "src\Services\Rider\Rider.Domain\Rider.Domain.csproj", "{F738BF25-91C4-4054-9622-A099CEF6DD97}"
EndProject
Project("{9A19103F-16F7-4668-BE54-9A1E7A4F7556}") = "Rider.Infrastructure", "src\Services\Rider\Rider.Infrastructure\Rider.Infrastructure.csproj", "{75B4C5CF-B5EE-4547-BBA0-8A1C0B76E2C8}"
EndProject
Project("{2150E333-8FDC-42A3-9474-1A3956D46DE8}") = "RideMatching", "RideMatching", "{5C179259-AF6F-4820-A70D-1AC7E5C724F3}"
EndProject
Project("{2150E333-8FDC-42A3-9474-1A3956D46DE8}") = "Trip", "Trip", "{BAAB2AAC-9D49-443B-AEF3-6CEC4DAC73F8}"
EndProject
Project("{9A19103F-16F7-4668-BE54-9A1E7A4F7556}") = "RideMatching.API", "src\Services\RideMatching\RideMatching.API\RideMatching.API.csproj", "{35DEB6BF-757B-453F-AB1F-42A8C64314B0}"
EndProject
Project("{9A19103F-16F7-4668-BE54-9A1E7A4F7556}") = "RideMatching.Application", "src\Services\RideMatching\RideMatching.Application\RideMatching.Application.csproj", "{E2D5051E-0953-4C1B-AB1F-24739DFDBCFA}"
EndProject
Project("{9A19103F-16F7-4668-BE54-9A1E7A4F7556}") = "RideMatching.Domain", "src\Services\RideMatching\RideMatching.Domain\RideMatching.Domain.csproj", "{C78C3D09-8E76-4C89-AF4B-A03706CCB0BF}"
EndProject
Project("{9A19103F-16F7-4668-BE54-9A1E7A4F7556}") = "RideMatching.Infrastructure", "src\Services\RideMatching\RideMatching.Infrastructure\RideMatching.Infrastructure.csproj", "{28F58CF5-4B04-468C-8B8F-232DC0E04EA8}"
EndProject
Project("{9A19103F-16F7-4668-BE54-9A1E7A4F7556}") = "Trip.API", "src\Services\Trip\Trip.API\Trip.API.csproj", "{B2BFF8FF-7503-4C57-88C8-F574A8A7AFD2}"
EndProject
Project("{9A19103F-16F7-4668-BE54-9A1E7A4F7556}") = "Trip.Application", "src\Services\Trip\Trip.Application\Trip.Application.csproj", "{3822549B-5C5F-461C-8D0D-C31232511C47}"
EndProject
Project("{9A19103F-16F7-4668-BE54-9A1E7A4F7556}") = "Trip.Domain", "src\Services\Trip\Trip.Domain\Trip.Domain.csproj", "{31B1D4B9-14A7-4DA0-9929-32A07A4D0BBD}"
EndProject
Project("{9A19103F-16F7-4668-BE54-9A1E7A4F7556}") = "Trip.Infrastructure", "src\Services\Trip\Trip.Infrastructure\Trip.Infrastructure.csproj", "{DF6C5114-FD3E-4529-BCAB-FB594254F951}"
EndProject
Project("{2150E333-8FDC-42A3-9474-1A3956D46DE8}") = "Notifications", "Notifications", "{A4D83C28-5BCA-4349-8D34-445CCF210861}"
EndProject
Project("{FAE04EC0-301F-11D3-BF4B-00C04F79EFBC}") = "Notifications.API", "src\Services\Notifications\Notifications.API\Notifications.API.csproj", "{27ED89CF-A37E-4DFC-91EE-7E936C589AB6}"
EndProject
Project("{FAE04EC0-301F-11D3-BF4B-00C04F79EFBC}") = "Notifications.Domain", "src\Services\Notifications\Notifications.Domain\Notifications.Domain.csproj", "{5FD88635-E898-4962-A3B8-84F554781A1A}"
EndProject
Project("{FAE04EC0-301F-11D3-BF4B-00C04F79EFBC}") = "Notifications.Infrastructure", "src\Services\Notifications\Notifications.Infrastructure\Notifications.Infrastructure.csproj", "{BCCD9C0F-A117-4602-B786-2C9652A25D99}"
EndProject
Project("{FAE04EC0-301F-11D3-BF4B-00C04F79EFBC}") = "Notifications.Application", "src\Services\Notifications\Notifications.Application\Notifications.Application.csproj", "{F06962F6-2478-46FF-8CD9-03789ADED157}"
EndProject
Global
	GlobalSection(SolutionConfigurationPlatforms) = preSolution
		Debug|Any CPU = Debug|Any CPU
		Release|Any CPU = Release|Any CPU
	EndGlobalSection
	GlobalSection(ProjectConfigurationPlatforms) = postSolution
		{45B24C30-7083-48D0-A098-1BF413B3F73D}.Debug|Any CPU.ActiveCfg = Debug|Any CPU
		{45B24C30-7083-48D0-A098-1BF413B3F73D}.Debug|Any CPU.Build.0 = Debug|Any CPU
		{45B24C30-7083-48D0-A098-1BF413B3F73D}.Release|Any CPU.ActiveCfg = Release|Any CPU
		{45B24C30-7083-48D0-A098-1BF413B3F73D}.Release|Any CPU.Build.0 = Release|Any CPU
		{5B634290-8A29-41C7-B905-76E7399BC66B}.Debug|Any CPU.ActiveCfg = Debug|Any CPU
		{5B634290-8A29-41C7-B905-76E7399BC66B}.Debug|Any CPU.Build.0 = Debug|Any CPU
		{5B634290-8A29-41C7-B905-76E7399BC66B}.Release|Any CPU.ActiveCfg = Release|Any CPU
		{5B634290-8A29-41C7-B905-76E7399BC66B}.Release|Any CPU.Build.0 = Release|Any CPU
		{27694B8C-13E7-4D10-96A5-CE916F055852}.Debug|Any CPU.ActiveCfg = Debug|Any CPU
		{27694B8C-13E7-4D10-96A5-CE916F055852}.Debug|Any CPU.Build.0 = Debug|Any CPU
		{27694B8C-13E7-4D10-96A5-CE916F055852}.Release|Any CPU.ActiveCfg = Release|Any CPU
		{27694B8C-13E7-4D10-96A5-CE916F055852}.Release|Any CPU.Build.0 = Release|Any CPU
		{6D039EC9-FB41-4A13-83ED-AF394A846422}.Debug|Any CPU.ActiveCfg = Debug|Any CPU
		{6D039EC9-FB41-4A13-83ED-AF394A846422}.Debug|Any CPU.Build.0 = Debug|Any CPU
		{6D039EC9-FB41-4A13-83ED-AF394A846422}.Release|Any CPU.ActiveCfg = Release|Any CPU
		{6D039EC9-FB41-4A13-83ED-AF394A846422}.Release|Any CPU.Build.0 = Release|Any CPU
		{8EECBD70-46D8-4A3F-A06D-0EFF734FBB1D}.Debug|Any CPU.ActiveCfg = Debug|Any CPU
		{8EECBD70-46D8-4A3F-A06D-0EFF734FBB1D}.Debug|Any CPU.Build.0 = Debug|Any CPU
		{8EECBD70-46D8-4A3F-A06D-0EFF734FBB1D}.Release|Any CPU.ActiveCfg = Release|Any CPU
		{8EECBD70-46D8-4A3F-A06D-0EFF734FBB1D}.Release|Any CPU.Build.0 = Release|Any CPU
		{9E36697E-5C17-4545-A219-A5352446390F}.Debug|Any CPU.ActiveCfg = Debug|Any CPU
		{9E36697E-5C17-4545-A219-A5352446390F}.Debug|Any CPU.Build.0 = Debug|Any CPU
		{9E36697E-5C17-4545-A219-A5352446390F}.Release|Any CPU.ActiveCfg = Release|Any CPU
		{9E36697E-5C17-4545-A219-A5352446390F}.Release|Any CPU.Build.0 = Release|Any CPU
		{FCF550E2-2310-44BF-BBAE-E554AD1C7927}.Debug|Any CPU.ActiveCfg = Debug|Any CPU
		{FCF550E2-2310-44BF-BBAE-E554AD1C7927}.Debug|Any CPU.Build.0 = Debug|Any CPU
		{FCF550E2-2310-44BF-BBAE-E554AD1C7927}.Release|Any CPU.ActiveCfg = Release|Any CPU
		{FCF550E2-2310-44BF-BBAE-E554AD1C7927}.Release|Any CPU.Build.0 = Release|Any CPU
		{BF0DB338-70C9-4A52-8434-938C1AA36176}.Debug|Any CPU.ActiveCfg = Debug|Any CPU
		{BF0DB338-70C9-4A52-8434-938C1AA36176}.Debug|Any CPU.Build.0 = Debug|Any CPU
		{BF0DB338-70C9-4A52-8434-938C1AA36176}.Release|Any CPU.ActiveCfg = Release|Any CPU
		{BF0DB338-70C9-4A52-8434-938C1AA36176}.Release|Any CPU.Build.0 = Release|Any CPU
		{7E11569D-F449-4B1B-91A9-7C27233AE69D}.Debug|Any CPU.ActiveCfg = Debug|Any CPU
		{7E11569D-F449-4B1B-91A9-7C27233AE69D}.Debug|Any CPU.Build.0 = Debug|Any CPU
		{7E11569D-F449-4B1B-91A9-7C27233AE69D}.Release|Any CPU.ActiveCfg = Release|Any CPU
		{7E11569D-F449-4B1B-91A9-7C27233AE69D}.Release|Any CPU.Build.0 = Release|Any CPU
		{385E6559-7F28-47B1-833C-7BD9508593BB}.Debug|Any CPU.ActiveCfg = Debug|Any CPU
		{385E6559-7F28-47B1-833C-7BD9508593BB}.Debug|Any CPU.Build.0 = Debug|Any CPU
		{385E6559-7F28-47B1-833C-7BD9508593BB}.Release|Any CPU.ActiveCfg = Release|Any CPU
		{385E6559-7F28-47B1-833C-7BD9508593BB}.Release|Any CPU.Build.0 = Release|Any CPU
		{E2A3DC4E-16CB-4728-A52C-8D61543EF8FB}.Debug|Any CPU.ActiveCfg = Debug|Any CPU
		{E2A3DC4E-16CB-4728-A52C-8D61543EF8FB}.Debug|Any CPU.Build.0 = Debug|Any CPU
		{E2A3DC4E-16CB-4728-A52C-8D61543EF8FB}.Release|Any CPU.ActiveCfg = Release|Any CPU
		{E2A3DC4E-16CB-4728-A52C-8D61543EF8FB}.Release|Any CPU.Build.0 = Release|Any CPU
		{593A819F-FCB4-4DE2-B5A4-00D0C737CBD5}.Debug|Any CPU.ActiveCfg = Debug|Any CPU
		{593A819F-FCB4-4DE2-B5A4-00D0C737CBD5}.Debug|Any CPU.Build.0 = Debug|Any CPU
		{593A819F-FCB4-4DE2-B5A4-00D0C737CBD5}.Release|Any CPU.ActiveCfg = Release|Any CPU
		{593A819F-FCB4-4DE2-B5A4-00D0C737CBD5}.Release|Any CPU.Build.0 = Release|Any CPU
		{74B5C29A-A165-4ECD-8191-4FEB982619BF}.Debug|Any CPU.ActiveCfg = Debug|Any CPU
		{74B5C29A-A165-4ECD-8191-4FEB982619BF}.Debug|Any CPU.Build.0 = Debug|Any CPU
		{74B5C29A-A165-4ECD-8191-4FEB982619BF}.Release|Any CPU.ActiveCfg = Release|Any CPU
		{74B5C29A-A165-4ECD-8191-4FEB982619BF}.Release|Any CPU.Build.0 = Release|Any CPU
		{D9DC8F6E-E86C-4373-A1FD-C9742E850B7F}.Debug|Any CPU.ActiveCfg = Debug|Any CPU
		{D9DC8F6E-E86C-4373-A1FD-C9742E850B7F}.Debug|Any CPU.Build.0 = Debug|Any CPU
		{D9DC8F6E-E86C-4373-A1FD-C9742E850B7F}.Release|Any CPU.ActiveCfg = Release|Any CPU
		{D9DC8F6E-E86C-4373-A1FD-C9742E850B7F}.Release|Any CPU.Build.0 = Release|Any CPU
		{41FB565E-EF21-4F56-9140-3428199F7845}.Debug|Any CPU.ActiveCfg = Debug|Any CPU
		{41FB565E-EF21-4F56-9140-3428199F7845}.Debug|Any CPU.Build.0 = Debug|Any CPU
		{41FB565E-EF21-4F56-9140-3428199F7845}.Release|Any CPU.ActiveCfg = Release|Any CPU
		{41FB565E-EF21-4F56-9140-3428199F7845}.Release|Any CPU.Build.0 = Release|Any CPU
		{64BCC096-B284-4D91-A0ED-142B3F1651A5}.Debug|Any CPU.ActiveCfg = Debug|Any CPU
		{64BCC096-B284-4D91-A0ED-142B3F1651A5}.Debug|Any CPU.Build.0 = Debug|Any CPU
		{64BCC096-B284-4D91-A0ED-142B3F1651A5}.Release|Any CPU.ActiveCfg = Release|Any CPU
		{64BCC096-B284-4D91-A0ED-142B3F1651A5}.Release|Any CPU.Build.0 = Release|Any CPU
		{F738BF25-91C4-4054-9622-A099CEF6DD97}.Debug|Any CPU.ActiveCfg = Debug|Any CPU
		{F738BF25-91C4-4054-9622-A099CEF6DD97}.Debug|Any CPU.Build.0 = Debug|Any CPU
		{F738BF25-91C4-4054-9622-A099CEF6DD97}.Release|Any CPU.ActiveCfg = Release|Any CPU
		{F738BF25-91C4-4054-9622-A099CEF6DD97}.Release|Any CPU.Build.0 = Release|Any CPU
		{75B4C5CF-B5EE-4547-BBA0-8A1C0B76E2C8}.Debug|Any CPU.ActiveCfg = Debug|Any CPU
		{75B4C5CF-B5EE-4547-BBA0-8A1C0B76E2C8}.Debug|Any CPU.Build.0 = Debug|Any CPU
		{75B4C5CF-B5EE-4547-BBA0-8A1C0B76E2C8}.Release|Any CPU.ActiveCfg = Release|Any CPU
		{75B4C5CF-B5EE-4547-BBA0-8A1C0B76E2C8}.Release|Any CPU.Build.0 = Release|Any CPU
		{35DEB6BF-757B-453F-AB1F-42A8C64314B0}.Debug|Any CPU.ActiveCfg = Debug|Any CPU
		{35DEB6BF-757B-453F-AB1F-42A8C64314B0}.Debug|Any CPU.Build.0 = Debug|Any CPU
		{35DEB6BF-757B-453F-AB1F-42A8C64314B0}.Release|Any CPU.ActiveCfg = Release|Any CPU
		{35DEB6BF-757B-453F-AB1F-42A8C64314B0}.Release|Any CPU.Build.0 = Release|Any CPU
		{E2D5051E-0953-4C1B-AB1F-24739DFDBCFA}.Debug|Any CPU.ActiveCfg = Debug|Any CPU
		{E2D5051E-0953-4C1B-AB1F-24739DFDBCFA}.Debug|Any CPU.Build.0 = Debug|Any CPU
		{E2D5051E-0953-4C1B-AB1F-24739DFDBCFA}.Release|Any CPU.ActiveCfg = Release|Any CPU
		{E2D5051E-0953-4C1B-AB1F-24739DFDBCFA}.Release|Any CPU.Build.0 = Release|Any CPU
		{C78C3D09-8E76-4C89-AF4B-A03706CCB0BF}.Debug|Any CPU.ActiveCfg = Debug|Any CPU
		{C78C3D09-8E76-4C89-AF4B-A03706CCB0BF}.Debug|Any CPU.Build.0 = Debug|Any CPU
		{C78C3D09-8E76-4C89-AF4B-A03706CCB0BF}.Release|Any CPU.ActiveCfg = Release|Any CPU
		{C78C3D09-8E76-4C89-AF4B-A03706CCB0BF}.Release|Any CPU.Build.0 = Release|Any CPU
		{28F58CF5-4B04-468C-8B8F-232DC0E04EA8}.Debug|Any CPU.ActiveCfg = Debug|Any CPU
		{28F58CF5-4B04-468C-8B8F-232DC0E04EA8}.Debug|Any CPU.Build.0 = Debug|Any CPU
		{28F58CF5-4B04-468C-8B8F-232DC0E04EA8}.Release|Any CPU.ActiveCfg = Release|Any CPU
		{28F58CF5-4B04-468C-8B8F-232DC0E04EA8}.Release|Any CPU.Build.0 = Release|Any CPU
		{B2BFF8FF-7503-4C57-88C8-F574A8A7AFD2}.Debug|Any CPU.ActiveCfg = Debug|Any CPU
		{B2BFF8FF-7503-4C57-88C8-F574A8A7AFD2}.Debug|Any CPU.Build.0 = Debug|Any CPU
		{B2BFF8FF-7503-4C57-88C8-F574A8A7AFD2}.Release|Any CPU.ActiveCfg = Release|Any CPU
		{B2BFF8FF-7503-4C57-88C8-F574A8A7AFD2}.Release|Any CPU.Build.0 = Release|Any CPU
		{3822549B-5C5F-461C-8D0D-C31232511C47}.Debug|Any CPU.ActiveCfg = Debug|Any CPU
		{3822549B-5C5F-461C-8D0D-C31232511C47}.Debug|Any CPU.Build.0 = Debug|Any CPU
		{3822549B-5C5F-461C-8D0D-C31232511C47}.Release|Any CPU.ActiveCfg = Release|Any CPU
		{3822549B-5C5F-461C-8D0D-C31232511C47}.Release|Any CPU.Build.0 = Release|Any CPU
		{31B1D4B9-14A7-4DA0-9929-32A07A4D0BBD}.Debug|Any CPU.ActiveCfg = Debug|Any CPU
		{31B1D4B9-14A7-4DA0-9929-32A07A4D0BBD}.Debug|Any CPU.Build.0 = Debug|Any CPU
		{31B1D4B9-14A7-4DA0-9929-32A07A4D0BBD}.Release|Any CPU.ActiveCfg = Release|Any CPU
		{31B1D4B9-14A7-4DA0-9929-32A07A4D0BBD}.Release|Any CPU.Build.0 = Release|Any CPU
		{DF6C5114-FD3E-4529-BCAB-FB594254F951}.Debug|Any CPU.ActiveCfg = Debug|Any CPU
		{DF6C5114-FD3E-4529-BCAB-FB594254F951}.Debug|Any CPU.Build.0 = Debug|Any CPU
		{DF6C5114-FD3E-4529-BCAB-FB594254F951}.Release|Any CPU.ActiveCfg = Release|Any CPU
		{DF6C5114-FD3E-4529-BCAB-FB594254F951}.Release|Any CPU.Build.0 = Release|Any CPU
		{27ED89CF-A37E-4DFC-91EE-7E936C589AB6}.Debug|Any CPU.ActiveCfg = Debug|Any CPU
		{27ED89CF-A37E-4DFC-91EE-7E936C589AB6}.Debug|Any CPU.Build.0 = Debug|Any CPU
		{27ED89CF-A37E-4DFC-91EE-7E936C589AB6}.Release|Any CPU.ActiveCfg = Release|Any CPU
		{27ED89CF-A37E-4DFC-91EE-7E936C589AB6}.Release|Any CPU.Build.0 = Release|Any CPU
		{5FD88635-E898-4962-A3B8-84F554781A1A}.Debug|Any CPU.ActiveCfg = Debug|Any CPU
		{5FD88635-E898-4962-A3B8-84F554781A1A}.Debug|Any CPU.Build.0 = Debug|Any CPU
		{5FD88635-E898-4962-A3B8-84F554781A1A}.Release|Any CPU.ActiveCfg = Release|Any CPU
		{5FD88635-E898-4962-A3B8-84F554781A1A}.Release|Any CPU.Build.0 = Release|Any CPU
		{BCCD9C0F-A117-4602-B786-2C9652A25D99}.Debug|Any CPU.ActiveCfg = Debug|Any CPU
		{BCCD9C0F-A117-4602-B786-2C9652A25D99}.Debug|Any CPU.Build.0 = Debug|Any CPU
		{BCCD9C0F-A117-4602-B786-2C9652A25D99}.Release|Any CPU.ActiveCfg = Release|Any CPU
		{BCCD9C0F-A117-4602-B786-2C9652A25D99}.Release|Any CPU.Build.0 = Release|Any CPU
		{F06962F6-2478-46FF-8CD9-03789ADED157}.Debug|Any CPU.ActiveCfg = Debug|Any CPU
		{F06962F6-2478-46FF-8CD9-03789ADED157}.Debug|Any CPU.Build.0 = Debug|Any CPU
		{F06962F6-2478-46FF-8CD9-03789ADED157}.Release|Any CPU.ActiveCfg = Release|Any CPU
		{F06962F6-2478-46FF-8CD9-03789ADED157}.Release|Any CPU.Build.0 = Release|Any CPU
	EndGlobalSection
	GlobalSection(SolutionProperties) = preSolution
		HideSolutionNode = FALSE
	EndGlobalSection
	GlobalSection(NestedProjects) = preSolution
		{FDB1DD59-37EC-4211-AD03-7EEE24CCA38B} = {7E4F0534-F858-4473-ACFF-825E18600196}
		{45B24C30-7083-48D0-A098-1BF413B3F73D} = {FDB1DD59-37EC-4211-AD03-7EEE24CCA38B}
		{27694B8C-13E7-4D10-96A5-CE916F055852} = {BC0CF33B-857E-4C98-9B07-502108C2DF2A}
		{6D039EC9-FB41-4A13-83ED-AF394A846422} = {FDB1DD59-37EC-4211-AD03-7EEE24CCA38B}
		{8EECBD70-46D8-4A3F-A06D-0EFF734FBB1D} = {FDB1DD59-37EC-4211-AD03-7EEE24CCA38B}
		{9E36697E-5C17-4545-A219-A5352446390F} = {FDB1DD59-37EC-4211-AD03-7EEE24CCA38B}
		{5D66B894-90AF-4281-A2C8-709AE0B642D9} = {7E4F0534-F858-4473-ACFF-825E18600196}
		{FCF550E2-2310-44BF-BBAE-E554AD1C7927} = {5D66B894-90AF-4281-A2C8-709AE0B642D9}
		{BF0DB338-70C9-4A52-8434-938C1AA36176} = {5D66B894-90AF-4281-A2C8-709AE0B642D9}
		{7E11569D-F449-4B1B-91A9-7C27233AE69D} = {5D66B894-90AF-4281-A2C8-709AE0B642D9}
		{385E6559-7F28-47B1-833C-7BD9508593BB} = {5D66B894-90AF-4281-A2C8-709AE0B642D9}
		{E2A3DC4E-16CB-4728-A52C-8D61543EF8FB} = {BC0CF33B-857E-4C98-9B07-502108C2DF2A}
		{BC8D4D42-BBBB-436F-A537-5724FB3A6C3D} = {7E4F0534-F858-4473-ACFF-825E18600196}
		{593A819F-FCB4-4DE2-B5A4-00D0C737CBD5} = {BC8D4D42-BBBB-436F-A537-5724FB3A6C3D}
		{74B5C29A-A165-4ECD-8191-4FEB982619BF} = {BC8D4D42-BBBB-436F-A537-5724FB3A6C3D}
		{D9DC8F6E-E86C-4373-A1FD-C9742E850B7F} = {BC8D4D42-BBBB-436F-A537-5724FB3A6C3D}
		{EB2927A5-818F-4D2C-B3F1-5877CC1C6DA6} = {7E4F0534-F858-4473-ACFF-825E18600196}
		{41FB565E-EF21-4F56-9140-3428199F7845} = {EB2927A5-818F-4D2C-B3F1-5877CC1C6DA6}
		{64BCC096-B284-4D91-A0ED-142B3F1651A5} = {EB2927A5-818F-4D2C-B3F1-5877CC1C6DA6}
		{F738BF25-91C4-4054-9622-A099CEF6DD97} = {EB2927A5-818F-4D2C-B3F1-5877CC1C6DA6}
		{75B4C5CF-B5EE-4547-BBA0-8A1C0B76E2C8} = {EB2927A5-818F-4D2C-B3F1-5877CC1C6DA6}
		{5C179259-AF6F-4820-A70D-1AC7E5C724F3} = {7E4F0534-F858-4473-ACFF-825E18600196}
		{BAAB2AAC-9D49-443B-AEF3-6CEC4DAC73F8} = {7E4F0534-F858-4473-ACFF-825E18600196}
		{35DEB6BF-757B-453F-AB1F-42A8C64314B0} = {5C179259-AF6F-4820-A70D-1AC7E5C724F3}
		{E2D5051E-0953-4C1B-AB1F-24739DFDBCFA} = {5C179259-AF6F-4820-A70D-1AC7E5C724F3}
		{C78C3D09-8E76-4C89-AF4B-A03706CCB0BF} = {5C179259-AF6F-4820-A70D-1AC7E5C724F3}
		{28F58CF5-4B04-468C-8B8F-232DC0E04EA8} = {5C179259-AF6F-4820-A70D-1AC7E5C724F3}
		{B2BFF8FF-7503-4C57-88C8-F574A8A7AFD2} = {BAAB2AAC-9D49-443B-AEF3-6CEC4DAC73F8}
		{3822549B-5C5F-461C-8D0D-C31232511C47} = {BAAB2AAC-9D49-443B-AEF3-6CEC4DAC73F8}
		{31B1D4B9-14A7-4DA0-9929-32A07A4D0BBD} = {BAAB2AAC-9D49-443B-AEF3-6CEC4DAC73F8}
		{DF6C5114-FD3E-4529-BCAB-FB594254F951} = {BAAB2AAC-9D49-443B-AEF3-6CEC4DAC73F8}
		{A4D83C28-5BCA-4349-8D34-445CCF210861} = {7E4F0534-F858-4473-ACFF-825E18600196}
		{27ED89CF-A37E-4DFC-91EE-7E936C589AB6} = {A4D83C28-5BCA-4349-8D34-445CCF210861}
		{5FD88635-E898-4962-A3B8-84F554781A1A} = {A4D83C28-5BCA-4349-8D34-445CCF210861}
		{BCCD9C0F-A117-4602-B786-2C9652A25D99} = {A4D83C28-5BCA-4349-8D34-445CCF210861}
		{F06962F6-2478-46FF-8CD9-03789ADED157} = {A4D83C28-5BCA-4349-8D34-445CCF210861}
	EndGlobalSection
	GlobalSection(ExtensibilityGlobals) = postSolution
		SolutionGuid = {3CB609D9-5D54-4C11-A371-DAAC8B74E430}
	EndGlobalSection
EndGlobal
